
Microsoft Visual Studio Solution File, Format Version 12.00
# Visual Studio Version 17
VisualStudioVersion = 17.6.33801.468
MinimumVisualStudioVersion = 10.0.40219.1
Project("{9A19103F-16F7-4668-BE54-9A1E7A4F7556}") = "XmPriceAgg.API", "XmPriceAgg.API\XmPriceAgg.API.csproj", "{79B58E47-376B-473F-B73E-3935DE98BEB3}"
EndProject
Project("{FAE04EC0-301F-11D3-BF4B-00C04F79EFBC}") = "XmPriceAgg.BLL", "XmPriceAgg.BLL\XmPriceAgg.BLL.csproj", "{DB6E2BD5-E1EB-4138-A14D-C28D1D64E4D5}"
EndProject
Project("{FAE04EC0-301F-11D3-BF4B-00C04F79EFBC}") = "XmPriceAgg.DAL", "XmPriceAgg.DAL\XmPriceAgg.DAL.csproj", "{49A70D13-9807-49F2-A263-5FC60F0A2353}"
EndProject
Global
	GlobalSection(SolutionConfigurationPlatforms) = preSolution
		Debug|Any CPU = Debug|Any CPU
		Release|Any CPU = Release|Any CPU
	EndGlobalSection
	GlobalSection(ProjectConfigurationPlatforms) = postSolution
		{79B58E47-376B-473F-B73E-3935DE98BEB3}.Debug|Any CPU.ActiveCfg = Debug|Any CPU
		{79B58E47-376B-473F-B73E-3935DE98BEB3}.Debug|Any CPU.Build.0 = Debug|Any CPU
		{79B58E47-376B-473F-B73E-3935DE98BEB3}.Release|Any CPU.ActiveCfg = Release|Any CPU
		{79B58E47-376B-473F-B73E-3935DE98BEB3}.Release|Any CPU.Build.0 = Release|Any CPU
		{DB6E2BD5-E1EB-4138-A14D-C28D1D64E4D5}.Debug|Any CPU.ActiveCfg = Debug|Any CPU
		{DB6E2BD5-E1EB-4138-A14D-C28D1D64E4D5}.Debug|Any CPU.Build.0 = Debug|Any CPU
		{DB6E2BD5-E1EB-4138-A14D-C28D1D64E4D5}.Release|Any CPU.ActiveCfg = Release|Any CPU
		{DB6E2BD5-E1EB-4138-A14D-C28D1D64E4D5}.Release|Any CPU.Build.0 = Release|Any CPU
		{49A70D13-9807-49F2-A263-5FC60F0A2353}.Debug|Any CPU.ActiveCfg = Debug|Any CPU
		{49A70D13-9807-49F2-A263-5FC60F0A2353}.Debug|Any CPU.Build.0 = Debug|Any CPU
		{49A70D13-9807-49F2-A263-5FC60F0A2353}.Release|Any CPU.ActiveCfg = Release|Any CPU
		{49A70D13-9807-49F2-A263-5FC60F0A2353}.Release|Any CPU.Build.0 = Release|Any CPU
	EndGlobalSection
	GlobalSection(SolutionProperties) = preSolution
		HideSolutionNode = FALSE
	EndGlobalSection
	GlobalSection(ExtensibilityGlobals) = postSolution
		SolutionGuid = {17E2F47A-698D-4ADD-B82D-0BBA4ABF814C}
	EndGlobalSection
EndGlobal
